
Microsoft Visual Studio Solution File, Format Version 12.00
# Visual Studio Version 16
VisualStudioVersion = 16.0.29306.81
MinimumVisualStudioVersion = 10.0.40219.1
Project("{FAE04EC0-301F-11D3-BF4B-00C04F79EFBC}") = "kaymak", "kaymak.csproj", "{FD303A84-C3FE-4BA8-8540-83165DF09E43}"
EndProject
Project("{FAE04EC0-301F-11D3-BF4B-00C04F79EFBC}") = "server", "..\server\server.csproj", "{BBAA0B5F-0D5E-4CAB-BBF1-FD9A5E5DF756}"
EndProject
Global
	GlobalSection(SolutionConfigurationPlatforms) = preSolution
		Debug|Any CPU = Debug|Any CPU
		Debug|x86 = Debug|x86
		Release|Any CPU = Release|Any CPU
		Release|x86 = Release|x86
	EndGlobalSection
	GlobalSection(ProjectConfigurationPlatforms) = postSolution
		{FD303A84-C3FE-4BA8-8540-83165DF09E43}.Debug|Any CPU.ActiveCfg = Debug|x86
		{FD303A84-C3FE-4BA8-8540-83165DF09E43}.Debug|x86.ActiveCfg = Debug|x86
		{FD303A84-C3FE-4BA8-8540-83165DF09E43}.Debug|x86.Build.0 = Debug|x86
		{FD303A84-C3FE-4BA8-8540-83165DF09E43}.Release|Any CPU.ActiveCfg = Release|x86
		{FD303A84-C3FE-4BA8-8540-83165DF09E43}.Release|x86.ActiveCfg = Release|x86
		{FD303A84-C3FE-4BA8-8540-83165DF09E43}.Release|x86.Build.0 = Release|x86
		{BBAA0B5F-0D5E-4CAB-BBF1-FD9A5E5DF756}.Debug|Any CPU.ActiveCfg = Debug|Any CPU
		{BBAA0B5F-0D5E-4CAB-BBF1-FD9A5E5DF756}.Debug|Any CPU.Build.0 = Debug|Any CPU
		{BBAA0B5F-0D5E-4CAB-BBF1-FD9A5E5DF756}.Debug|x86.ActiveCfg = Debug|Any CPU
		{BBAA0B5F-0D5E-4CAB-BBF1-FD9A5E5DF756}.Debug|x86.Build.0 = Debug|Any CPU
		{BBAA0B5F-0D5E-4CAB-BBF1-FD9A5E5DF756}.Release|Any CPU.ActiveCfg = Release|Any CPU
		{BBAA0B5F-0D5E-4CAB-BBF1-FD9A5E5DF756}.Release|Any CPU.Build.0 = Release|Any CPU
		{BBAA0B5F-0D5E-4CAB-BBF1-FD9A5E5DF756}.Release|x86.ActiveCfg = Release|Any CPU
		{BBAA0B5F-0D5E-4CAB-BBF1-FD9A5E5DF756}.Release|x86.Build.0 = Release|Any CPU
	EndGlobalSection
	GlobalSection(SolutionProperties) = preSolution
		HideSolutionNode = FALSE
	EndGlobalSection
	GlobalSection(ExtensibilityGlobals) = postSolution
		SolutionGuid = {E7C8F361-4EF9-47A6-BA01-EA91700445A4}
	EndGlobalSection
EndGlobal
